
Microsoft Visual Studio Solution File, Format Version 12.00
# Visual Studio Version 17
VisualStudioVersion = 17.4.33110.190
MinimumVisualStudioVersion = 10.0.40219.1
Project("{9A19103F-16F7-4668-BE54-9A1E7A4F7556}") = "Entities", "Entities\Entities.csproj", "{6B8B9FF8-14DB-41ED-B32A-9BA829AFB85E}"
EndProject
Project("{9A19103F-16F7-4668-BE54-9A1E7A4F7556}") = "Business", "Business\Business.csproj", "{7B6CEC0B-581C-429B-B16C-5B18CDDB1BC8}"
EndProject
Project("{9A19103F-16F7-4668-BE54-9A1E7A4F7556}") = "DataAccess", "DataAccess\DataAccess.csproj", "{C7E5BA3B-A27D-4F6F-BE7B-B0B3C552B85B}"
EndProject
Project("{9A19103F-16F7-4668-BE54-9A1E7A4F7556}") = "Core", "Core\Core.csproj", "{39D23501-70E4-48A1-BE64-9BBF665CC7C4}"
EndProject
Project("{9A19103F-16F7-4668-BE54-9A1E7A4F7556}") = "WebApi", "WebApi\WebApi.csproj", "{E84E7E9F-E078-41A3-A844-4AFB69D242DF}"
EndProject
Project("{9A19103F-16F7-4668-BE54-9A1E7A4F7556}") = "ReactMvcApp", "ReactMvcApp\ReactMvcApp.csproj", "{969BA9E4-10E9-4507-AF47-7101123B2C73}"
EndProject
Project("{FAE04EC0-301F-11D3-BF4B-00C04F79EFBC}") = "MVCReactApp", "MVCReactApp\MVCReactApp.csproj", "{43A96823-846D-4010-8903-CCC25AEEBAFC}"
EndProject
Global
	GlobalSection(SolutionConfigurationPlatforms) = preSolution
		Debug|Any CPU = Debug|Any CPU
		Release|Any CPU = Release|Any CPU
	EndGlobalSection
	GlobalSection(ProjectConfigurationPlatforms) = postSolution
		{6B8B9FF8-14DB-41ED-B32A-9BA829AFB85E}.Debug|Any CPU.ActiveCfg = Debug|Any CPU
		{6B8B9FF8-14DB-41ED-B32A-9BA829AFB85E}.Debug|Any CPU.Build.0 = Debug|Any CPU
		{6B8B9FF8-14DB-41ED-B32A-9BA829AFB85E}.Release|Any CPU.ActiveCfg = Release|Any CPU
		{6B8B9FF8-14DB-41ED-B32A-9BA829AFB85E}.Release|Any CPU.Build.0 = Release|Any CPU
		{7B6CEC0B-581C-429B-B16C-5B18CDDB1BC8}.Debug|Any CPU.ActiveCfg = Debug|Any CPU
		{7B6CEC0B-581C-429B-B16C-5B18CDDB1BC8}.Debug|Any CPU.Build.0 = Debug|Any CPU
		{7B6CEC0B-581C-429B-B16C-5B18CDDB1BC8}.Release|Any CPU.ActiveCfg = Release|Any CPU
		{7B6CEC0B-581C-429B-B16C-5B18CDDB1BC8}.Release|Any CPU.Build.0 = Release|Any CPU
		{C7E5BA3B-A27D-4F6F-BE7B-B0B3C552B85B}.Debug|Any CPU.ActiveCfg = Debug|Any CPU
		{C7E5BA3B-A27D-4F6F-BE7B-B0B3C552B85B}.Debug|Any CPU.Build.0 = Debug|Any CPU
		{C7E5BA3B-A27D-4F6F-BE7B-B0B3C552B85B}.Release|Any CPU.ActiveCfg = Release|Any CPU
		{C7E5BA3B-A27D-4F6F-BE7B-B0B3C552B85B}.Release|Any CPU.Build.0 = Release|Any CPU
		{39D23501-70E4-48A1-BE64-9BBF665CC7C4}.Debug|Any CPU.ActiveCfg = Debug|Any CPU
		{39D23501-70E4-48A1-BE64-9BBF665CC7C4}.Debug|Any CPU.Build.0 = Debug|Any CPU
		{39D23501-70E4-48A1-BE64-9BBF665CC7C4}.Release|Any CPU.ActiveCfg = Release|Any CPU
		{39D23501-70E4-48A1-BE64-9BBF665CC7C4}.Release|Any CPU.Build.0 = Release|Any CPU
		{E84E7E9F-E078-41A3-A844-4AFB69D242DF}.Debug|Any CPU.ActiveCfg = Debug|Any CPU
		{E84E7E9F-E078-41A3-A844-4AFB69D242DF}.Debug|Any CPU.Build.0 = Debug|Any CPU
		{E84E7E9F-E078-41A3-A844-4AFB69D242DF}.Release|Any CPU.ActiveCfg = Release|Any CPU
		{E84E7E9F-E078-41A3-A844-4AFB69D242DF}.Release|Any CPU.Build.0 = Release|Any CPU
		{969BA9E4-10E9-4507-AF47-7101123B2C73}.Debug|Any CPU.ActiveCfg = Debug|Any CPU
		{969BA9E4-10E9-4507-AF47-7101123B2C73}.Debug|Any CPU.Build.0 = Debug|Any CPU
		{969BA9E4-10E9-4507-AF47-7101123B2C73}.Release|Any CPU.ActiveCfg = Release|Any CPU
		{969BA9E4-10E9-4507-AF47-7101123B2C73}.Release|Any CPU.Build.0 = Release|Any CPU
		{43A96823-846D-4010-8903-CCC25AEEBAFC}.Debug|Any CPU.ActiveCfg = Debug|Any CPU
		{43A96823-846D-4010-8903-CCC25AEEBAFC}.Debug|Any CPU.Build.0 = Debug|Any CPU
		{43A96823-846D-4010-8903-CCC25AEEBAFC}.Release|Any CPU.ActiveCfg = Release|Any CPU
		{43A96823-846D-4010-8903-CCC25AEEBAFC}.Release|Any CPU.Build.0 = Release|Any CPU
	EndGlobalSection
	GlobalSection(SolutionProperties) = preSolution
		HideSolutionNode = FALSE
	EndGlobalSection
	GlobalSection(ExtensibilityGlobals) = postSolution
		SolutionGuid = {6B5EE16C-5A4F-4A5D-9EC7-F3F3F0D0C7CA}
	EndGlobalSection
EndGlobal
